
Microsoft Visual Studio Solution File, Format Version 12.00
# Visual Studio Version 16
VisualStudioVersion = 16.0.32901.82
MinimumVisualStudioVersion = 10.0.40219.1
Project("{FAE04EC0-301F-11D3-BF4B-00C04F79EFBC}") = "EPAM_TAO_CORE_UI_TAF", "EPAM_TAO_CORE_UI_TAF\EPAM_TAO_CORE_UI_TAF.csproj", "{F61FA2F7-187A-4915-B1E6-D2F57E1E1C01}"
EndProject
Project("{FAE04EC0-301F-11D3-BF4B-00C04F79EFBC}") = "EPAM_TAO_CORE_API_TAF", "EPAM_TAO_CORE_API_TAF\EPAM_TAO_CORE_API_TAF.csproj", "{410A81B0-8A03-4F1B-975F-12080783B1EA}"
EndProject
Project("{FAE04EC0-301F-11D3-BF4B-00C04F79EFBC}") = "EPAM_TAO_API_TESTS", "EPAM_TAO_API_TESTS\EPAM_TAO_API_TESTS.csproj", "{690F7B72-4CB6-4772-9E85-BC91E81E6791}"
EndProject
Project("{FAE04EC0-301F-11D3-BF4B-00C04F79EFBC}") = "EPAM_TAO_BDD_API_TESTS", "EPAM_TAO_BDD_API_TESTS\EPAM_TAO_BDD_API_TESTS.csproj", "{57B9C161-6A54-4561-993C-1C23C88485D4}"
EndProject
Project("{FAE04EC0-301F-11D3-BF4B-00C04F79EFBC}") = "EPAM_TAO_UI_POM", "EPAM_TAO_UI_POM\EPAM_TAO_UI_POM.csproj", "{DFA0ABEE-9633-4C50-B9A5-CA39F33F5E25}"
EndProject
Project("{FAE04EC0-301F-11D3-BF4B-00C04F79EFBC}") = "EPAM_TAO_UI_TESTS", "EPAM_TAO_UI_TESTS\EPAM_TAO_UI_TESTS.csproj", "{9CFF9002-D996-4543-9EA3-D5A529967C5E}"
EndProject
Project("{FAE04EC0-301F-11D3-BF4B-00C04F79EFBC}") = "EPAM_TAO_BDD_UI_TESTS", "EPAM_TAO_BDD_UI_TESTS\EPAM_TAO_BDD_UI_TESTS.csproj", "{4255E27F-8404-4333-BC6C-6DDE23EE877A}"
EndProject
Global
	GlobalSection(SolutionConfigurationPlatforms) = preSolution
		Debug|Any CPU = Debug|Any CPU
		Release|Any CPU = Release|Any CPU
	EndGlobalSection
	GlobalSection(ProjectConfigurationPlatforms) = postSolution
		{F61FA2F7-187A-4915-B1E6-D2F57E1E1C01}.Debug|Any CPU.ActiveCfg = Debug|Any CPU
		{F61FA2F7-187A-4915-B1E6-D2F57E1E1C01}.Debug|Any CPU.Build.0 = Debug|Any CPU
		{F61FA2F7-187A-4915-B1E6-D2F57E1E1C01}.Release|Any CPU.ActiveCfg = Release|Any CPU
		{F61FA2F7-187A-4915-B1E6-D2F57E1E1C01}.Release|Any CPU.Build.0 = Release|Any CPU
		{410A81B0-8A03-4F1B-975F-12080783B1EA}.Debug|Any CPU.ActiveCfg = Debug|Any CPU
		{410A81B0-8A03-4F1B-975F-12080783B1EA}.Debug|Any CPU.Build.0 = Debug|Any CPU
		{410A81B0-8A03-4F1B-975F-12080783B1EA}.Release|Any CPU.ActiveCfg = Release|Any CPU
		{410A81B0-8A03-4F1B-975F-12080783B1EA}.Release|Any CPU.Build.0 = Release|Any CPU
		{690F7B72-4CB6-4772-9E85-BC91E81E6791}.Debug|Any CPU.ActiveCfg = Debug|Any CPU
		{690F7B72-4CB6-4772-9E85-BC91E81E6791}.Debug|Any CPU.Build.0 = Debug|Any CPU
		{690F7B72-4CB6-4772-9E85-BC91E81E6791}.Release|Any CPU.ActiveCfg = Release|Any CPU
		{690F7B72-4CB6-4772-9E85-BC91E81E6791}.Release|Any CPU.Build.0 = Release|Any CPU
		{57B9C161-6A54-4561-993C-1C23C88485D4}.Debug|Any CPU.ActiveCfg = Debug|Any CPU
		{57B9C161-6A54-4561-993C-1C23C88485D4}.Debug|Any CPU.Build.0 = Debug|Any CPU
		{57B9C161-6A54-4561-993C-1C23C88485D4}.Release|Any CPU.ActiveCfg = Release|Any CPU
		{57B9C161-6A54-4561-993C-1C23C88485D4}.Release|Any CPU.Build.0 = Release|Any CPU
		{DFA0ABEE-9633-4C50-B9A5-CA39F33F5E25}.Debug|Any CPU.ActiveCfg = Debug|Any CPU
		{DFA0ABEE-9633-4C50-B9A5-CA39F33F5E25}.Debug|Any CPU.Build.0 = Debug|Any CPU
		{DFA0ABEE-9633-4C50-B9A5-CA39F33F5E25}.Release|Any CPU.ActiveCfg = Release|Any CPU
		{DFA0ABEE-9633-4C50-B9A5-CA39F33F5E25}.Release|Any CPU.Build.0 = Release|Any CPU
		{9CFF9002-D996-4543-9EA3-D5A529967C5E}.Debug|Any CPU.ActiveCfg = Debug|Any CPU
		{9CFF9002-D996-4543-9EA3-D5A529967C5E}.Debug|Any CPU.Build.0 = Debug|Any CPU
		{9CFF9002-D996-4543-9EA3-D5A529967C5E}.Release|Any CPU.ActiveCfg = Release|Any CPU
		{9CFF9002-D996-4543-9EA3-D5A529967C5E}.Release|Any CPU.Build.0 = Release|Any CPU
		{4255E27F-8404-4333-BC6C-6DDE23EE877A}.Debug|Any CPU.ActiveCfg = Debug|Any CPU
		{4255E27F-8404-4333-BC6C-6DDE23EE877A}.Debug|Any CPU.Build.0 = Debug|Any CPU
		{4255E27F-8404-4333-BC6C-6DDE23EE877A}.Release|Any CPU.ActiveCfg = Release|Any CPU
		{4255E27F-8404-4333-BC6C-6DDE23EE877A}.Release|Any CPU.Build.0 = Release|Any CPU
	EndGlobalSection
	GlobalSection(SolutionProperties) = preSolution
		HideSolutionNode = FALSE
	EndGlobalSection
	GlobalSection(ExtensibilityGlobals) = postSolution
		SolutionGuid = {7A1B7542-7618-4568-9C96-512F366D07E8}
	EndGlobalSection
EndGlobal
